
Microsoft Visual Studio Solution File, Format Version 12.00
# Visual Studio Version 16
VisualStudioVersion = 16.0.30413.136
MinimumVisualStudioVersion = 10.0.40219.1
Project("{FAE04EC0-301F-11D3-BF4B-00C04F79EFBC}") = "FirstWeb", "FirstWeb.csproj", "{FD61B287-3F94-4944-BA64-61F5C4215510}"
EndProject
Global
	GlobalSection(SolutionConfigurationPlatforms) = preSolution
		Debug|Any CPU = Debug|Any CPU
		Release|Any CPU = Release|Any CPU
	EndGlobalSection
	GlobalSection(ProjectConfigurationPlatforms) = postSolution
		{FD61B287-3F94-4944-BA64-61F5C4215510}.Debug|Any CPU.ActiveCfg = Debug|Any CPU
		{FD61B287-3F94-4944-BA64-61F5C4215510}.Debug|Any CPU.Build.0 = Debug|Any CPU
		{FD61B287-3F94-4944-BA64-61F5C4215510}.Release|Any CPU.ActiveCfg = Release|Any CPU
		{FD61B287-3F94-4944-BA64-61F5C4215510}.Release|Any CPU.Build.0 = Release|Any CPU
	EndGlobalSection
	GlobalSection(SolutionProperties) = preSolution
		HideSolutionNode = FALSE
	EndGlobalSection
	GlobalSection(ExtensibilityGlobals) = postSolution
		SolutionGuid = {F0B16FDB-222E-4979-B0E2-7C46CFF65C35}
	EndGlobalSection
EndGlobal
